
Microsoft Visual Studio Solution File, Format Version 11.00
# Visual Studio 2010
Project("{FAE04EC0-301F-11D3-BF4B-00C04F79EFBC}") = "NeoFoton", "NeoFoton\NeoFoton.csproj", "{BD726C87-72B4-4645-B567-D3383F813E89}"
EndProject
Project("{FAE04EC0-301F-11D3-BF4B-00C04F79EFBC}") = "NeoFotonCommon", "NeoFotonCommon\NeoFotonCommon.csproj", "{1869B964-C492-4A80-A6B1-79094FC69D39}"
EndProject
Project("{54435603-DBB4-11D2-8724-00A0C9A8B90C}") = "MICompressor", "ImageCompressor\ImageCompressor.vdproj", "{6B4448FD-9066-4EBD-8EA4-3F8139C3CC25}"
EndProject
Global
	GlobalSection(SolutionConfigurationPlatforms) = preSolution
		Debug|.NET = Debug|.NET
		Debug|Any CPU = Debug|Any CPU
		Debug|Mixed Platforms = Debug|Mixed Platforms
		Release|.NET = Release|.NET
		Release|Any CPU = Release|Any CPU
		Release|Mixed Platforms = Release|Mixed Platforms
	EndGlobalSection
	GlobalSection(ProjectConfigurationPlatforms) = postSolution
		{BD726C87-72B4-4645-B567-D3383F813E89}.Debug|.NET.ActiveCfg = Debug|Any CPU
		{BD726C87-72B4-4645-B567-D3383F813E89}.Debug|Any CPU.ActiveCfg = Debug|Any CPU
		{BD726C87-72B4-4645-B567-D3383F813E89}.Debug|Any CPU.Build.0 = Debug|Any CPU
		{BD726C87-72B4-4645-B567-D3383F813E89}.Debug|Mixed Platforms.ActiveCfg = Debug|Any CPU
		{BD726C87-72B4-4645-B567-D3383F813E89}.Debug|Mixed Platforms.Build.0 = Debug|Any CPU
		{BD726C87-72B4-4645-B567-D3383F813E89}.Release|.NET.ActiveCfg = Release|Any CPU
		{BD726C87-72B4-4645-B567-D3383F813E89}.Release|Any CPU.ActiveCfg = Release|Any CPU
		{BD726C87-72B4-4645-B567-D3383F813E89}.Release|Any CPU.Build.0 = Release|Any CPU
		{BD726C87-72B4-4645-B567-D3383F813E89}.Release|Mixed Platforms.ActiveCfg = Release|Any CPU
		{BD726C87-72B4-4645-B567-D3383F813E89}.Release|Mixed Platforms.Build.0 = Release|Any CPU
		{1869B964-C492-4A80-A6B1-79094FC69D39}.Debug|.NET.ActiveCfg = Debug|Any CPU
		{1869B964-C492-4A80-A6B1-79094FC69D39}.Debug|Any CPU.ActiveCfg = Debug|Any CPU
		{1869B964-C492-4A80-A6B1-79094FC69D39}.Debug|Any CPU.Build.0 = Debug|Any CPU
		{1869B964-C492-4A80-A6B1-79094FC69D39}.Debug|Mixed Platforms.ActiveCfg = Debug|Any CPU
		{1869B964-C492-4A80-A6B1-79094FC69D39}.Debug|Mixed Platforms.Build.0 = Debug|Any CPU
		{1869B964-C492-4A80-A6B1-79094FC69D39}.Release|.NET.ActiveCfg = Release|Any CPU
		{1869B964-C492-4A80-A6B1-79094FC69D39}.Release|Any CPU.ActiveCfg = Release|Any CPU
		{1869B964-C492-4A80-A6B1-79094FC69D39}.Release|Any CPU.Build.0 = Release|Any CPU
		{1869B964-C492-4A80-A6B1-79094FC69D39}.Release|Mixed Platforms.ActiveCfg = Release|Any CPU
		{1869B964-C492-4A80-A6B1-79094FC69D39}.Release|Mixed Platforms.Build.0 = Release|Any CPU
		{6B4448FD-9066-4EBD-8EA4-3F8139C3CC25}.Debug|.NET.ActiveCfg = Debug
		{6B4448FD-9066-4EBD-8EA4-3F8139C3CC25}.Debug|.NET.Build.0 = Debug
		{6B4448FD-9066-4EBD-8EA4-3F8139C3CC25}.Debug|Any CPU.ActiveCfg = Debug
		{6B4448FD-9066-4EBD-8EA4-3F8139C3CC25}.Debug|Any CPU.Build.0 = Debug
		{6B4448FD-9066-4EBD-8EA4-3F8139C3CC25}.Debug|Mixed Platforms.ActiveCfg = Debug
		{6B4448FD-9066-4EBD-8EA4-3F8139C3CC25}.Debug|Mixed Platforms.Build.0 = Debug
		{6B4448FD-9066-4EBD-8EA4-3F8139C3CC25}.Release|.NET.ActiveCfg = Release
		{6B4448FD-9066-4EBD-8EA4-3F8139C3CC25}.Release|.NET.Build.0 = Release
		{6B4448FD-9066-4EBD-8EA4-3F8139C3CC25}.Release|Any CPU.ActiveCfg = Release
		{6B4448FD-9066-4EBD-8EA4-3F8139C3CC25}.Release|Any CPU.Build.0 = Release
		{6B4448FD-9066-4EBD-8EA4-3F8139C3CC25}.Release|Mixed Platforms.ActiveCfg = Release
		{6B4448FD-9066-4EBD-8EA4-3F8139C3CC25}.Release|Mixed Platforms.Build.0 = Release
	EndGlobalSection
	GlobalSection(SolutionProperties) = preSolution
		HideSolutionNode = FALSE
	EndGlobalSection
EndGlobal
